
Microsoft Visual Studio Solution File, Format Version 12.00
# Visual Studio Version 16
VisualStudioVersion = 16.0.30503.244
MinimumVisualStudioVersion = 10.0.40219.1
Project("{FAE04EC0-301F-11D3-BF4B-00C04F79EFBC}") = "prProcedimientosyFunsiones", "prProcedimientosyFunsiones.csproj", "{30D22293-29C6-4BDA-816C-F69AD6212E24}"
EndProject
Global
	GlobalSection(SolutionConfigurationPlatforms) = preSolution
		Debug|Any CPU = Debug|Any CPU
		Release|Any CPU = Release|Any CPU
	EndGlobalSection
	GlobalSection(ProjectConfigurationPlatforms) = postSolution
		{30D22293-29C6-4BDA-816C-F69AD6212E24}.Debug|Any CPU.ActiveCfg = Debug|Any CPU
		{30D22293-29C6-4BDA-816C-F69AD6212E24}.Debug|Any CPU.Build.0 = Debug|Any CPU
		{30D22293-29C6-4BDA-816C-F69AD6212E24}.Release|Any CPU.ActiveCfg = Release|Any CPU
		{30D22293-29C6-4BDA-816C-F69AD6212E24}.Release|Any CPU.Build.0 = Release|Any CPU
	EndGlobalSection
	GlobalSection(SolutionProperties) = preSolution
		HideSolutionNode = FALSE
	EndGlobalSection
	GlobalSection(ExtensibilityGlobals) = postSolution
		SolutionGuid = {0C6B474F-C157-4FDF-9444-E77C166BE78D}
	EndGlobalSection
EndGlobal
